
Microsoft Visual Studio Solution File, Format Version 12.00
# Visual Studio 15
VisualStudioVersion = 15.0.27004.2002
MinimumVisualStudioVersion = 10.0.40219.1
Project("{FAE04EC0-301F-11D3-BF4B-00C04F79EFBC}") = "pegasusProject", "pegasusProject\pegasusProject.csproj", "{495629A6-A20A-43A3-BBBE-C9C05A7F6831}"
EndProject
Project("{54435603-DBB4-11D2-8724-00A0C9A8B90C}") = "pgProjectSetup", "pgProjectSetup\pgProjectSetup.vdproj", "{990B714B-5BAA-45D5-8AE3-EFABBD84554D}"
EndProject
Global
	GlobalSection(SolutionConfigurationPlatforms) = preSolution
		Debug|Any CPU = Debug|Any CPU
		Release|Any CPU = Release|Any CPU
	EndGlobalSection
	GlobalSection(ProjectConfigurationPlatforms) = postSolution
		{495629A6-A20A-43A3-BBBE-C9C05A7F6831}.Debug|Any CPU.ActiveCfg = Debug|Any CPU
		{495629A6-A20A-43A3-BBBE-C9C05A7F6831}.Debug|Any CPU.Build.0 = Debug|Any CPU
		{495629A6-A20A-43A3-BBBE-C9C05A7F6831}.Release|Any CPU.ActiveCfg = Release|Any CPU
		{495629A6-A20A-43A3-BBBE-C9C05A7F6831}.Release|Any CPU.Build.0 = Release|Any CPU
		{990B714B-5BAA-45D5-8AE3-EFABBD84554D}.Debug|Any CPU.ActiveCfg = Debug
		{990B714B-5BAA-45D5-8AE3-EFABBD84554D}.Release|Any CPU.ActiveCfg = Release
	EndGlobalSection
	GlobalSection(SolutionProperties) = preSolution
		HideSolutionNode = FALSE
	EndGlobalSection
	GlobalSection(ExtensibilityGlobals) = postSolution
		SolutionGuid = {E6920DE4-3407-4084-B693-9097EF658ED0}
	EndGlobalSection
EndGlobal
